
Microsoft Visual Studio Solution File, Format Version 12.00
# Visual Studio Version 17
VisualStudioVersion = 17.10.34928.147
MinimumVisualStudioVersion = 10.0.40219.1
Project("{2150E333-8FDC-42A3-9474-1A3956D46DE8}") = "src", "src", "{56459A89-F3E4-4088-88A5-2B5B9B0EBA08}"
EndProject
Project("{2150E333-8FDC-42A3-9474-1A3956D46DE8}") = "Users", "Users", "{651F14A0-0E99-4270-A2C8-42D10425521C}"
EndProject
Project("{9A19103F-16F7-4668-BE54-9A1E7A4F7556}") = "Users.Infrastructure", "src\Users\Users.Infrastructure\Users.Infrastructure.csproj", "{2FB580F9-CDF0-488A-9FFC-BF5EACA6B435}"
	ProjectSection(ProjectDependencies) = postProject
		{6E21D5C8-2C8D-4316-BEBD-6D9C3DF2790E} = {6E21D5C8-2C8D-4316-BEBD-6D9C3DF2790E}
	EndProjectSection
EndProject
Project("{9A19103F-16F7-4668-BE54-9A1E7A4F7556}") = "Users.Domain", "src\Users\Users.Domain\Users.Domain.csproj", "{6E21D5C8-2C8D-4316-BEBD-6D9C3DF2790E}"
EndProject
Project("{9A19103F-16F7-4668-BE54-9A1E7A4F7556}") = "Users.Application", "src\Users\Users.Application\Users.Application.csproj", "{0C2B0F05-7B2D-431D-81AB-F832E5B63810}"
	ProjectSection(ProjectDependencies) = postProject
		{2FB580F9-CDF0-488A-9FFC-BF5EACA6B435} = {2FB580F9-CDF0-488A-9FFC-BF5EACA6B435}
		{6E21D5C8-2C8D-4316-BEBD-6D9C3DF2790E} = {6E21D5C8-2C8D-4316-BEBD-6D9C3DF2790E}
	EndProjectSection
EndProject
Project("{9A19103F-16F7-4668-BE54-9A1E7A4F7556}") = "Users.API", "src\Users\Users.API\Users.API.csproj", "{21C9DB98-2E17-4976-B273-EFAF06FAE5FA}"
	ProjectSection(ProjectDependencies) = postProject
		{0C2B0F05-7B2D-431D-81AB-F832E5B63810} = {0C2B0F05-7B2D-431D-81AB-F832E5B63810}
		{2FB580F9-CDF0-488A-9FFC-BF5EACA6B435} = {2FB580F9-CDF0-488A-9FFC-BF5EACA6B435}
	EndProjectSection
EndProject
Project("{2150E333-8FDC-42A3-9474-1A3956D46DE8}") = "tests", "tests", "{C86658F2-7641-475C-9DCE-7E5F0F764E52}"
EndProject
Project("{2150E333-8FDC-42A3-9474-1A3956D46DE8}") = "Users", "Users", "{03C6E33C-16FE-422B-8F30-7CBBD39076E2}"
EndProject
Project("{9A19103F-16F7-4668-BE54-9A1E7A4F7556}") = "Users.Application.UnitTests", "tests\Users\Users.Application.UnitTests\Users.Application.UnitTests.csproj", "{8DFED562-DD5D-4F10-A2C2-6C57D289508C}"
EndProject
Project("{2150E333-8FDC-42A3-9474-1A3956D46DE8}") = "gateway", "gateway", "{B1949CFF-6EBA-4482-894F-3A37F2840DF2}"
EndProject
Project("{E53339B2-1760-4266-BCC7-CA923CBCF16C}") = "docker-compose", "docker-compose.dcproj", "{83E44EFE-575F-409F-A1ED-BDE1C4167068}"
EndProject
Project("{9A19103F-16F7-4668-BE54-9A1E7A4F7556}") = "Gateway.API", "src\Gateway\Gateway.API\Gateway.API.csproj", "{B25207A5-BC8D-434C-9ED6-527044BD8804}"
EndProject
Project("{2150E333-8FDC-42A3-9474-1A3956D46DE8}") = "Appointments", "Appointments", "{452209D6-76BD-4D3F-8918-120DE35B9B6C}"
EndProject
Project("{9A19103F-16F7-4668-BE54-9A1E7A4F7556}") = "Appointments.Domain", "src\Appointments\Appointments.Domain\Appointments.Domain.csproj", "{B91E14BD-F270-415D-BBEB-6AED3ED58F58}"
EndProject
Project("{9A19103F-16F7-4668-BE54-9A1E7A4F7556}") = "Appointments.Infrastructure", "src\Appointments\Appointments.Infrastructure\Appointments.Infrastructure.csproj", "{FAE128B3-BFBD-41D5-8366-8519F716CBAB}"
	ProjectSection(ProjectDependencies) = postProject
		{B91E14BD-F270-415D-BBEB-6AED3ED58F58} = {B91E14BD-F270-415D-BBEB-6AED3ED58F58}
	EndProjectSection
EndProject
Project("{9A19103F-16F7-4668-BE54-9A1E7A4F7556}") = "Appointments.API", "src\Appointments\Appointments.API\Appointments.API.csproj", "{0008E23B-A084-451E-9168-9B015FF70CC5}"
	ProjectSection(ProjectDependencies) = postProject
		{FAE128B3-BFBD-41D5-8366-8519F716CBAB} = {FAE128B3-BFBD-41D5-8366-8519F716CBAB}
	EndProjectSection
EndProject
Project("{9A19103F-16F7-4668-BE54-9A1E7A4F7556}") = "Appointments.Application", "src\Appointments\Appointments.Application\Appointments.Application.csproj", "{E966FE30-2B00-4542-920F-BC7523989632}"
EndProject
Global
	GlobalSection(SolutionConfigurationPlatforms) = preSolution
		Debug|Any CPU = Debug|Any CPU
		Release|Any CPU = Release|Any CPU
	EndGlobalSection
	GlobalSection(ProjectConfigurationPlatforms) = postSolution
		{2FB580F9-CDF0-488A-9FFC-BF5EACA6B435}.Debug|Any CPU.ActiveCfg = Debug|Any CPU
		{2FB580F9-CDF0-488A-9FFC-BF5EACA6B435}.Debug|Any CPU.Build.0 = Debug|Any CPU
		{2FB580F9-CDF0-488A-9FFC-BF5EACA6B435}.Release|Any CPU.ActiveCfg = Release|Any CPU
		{2FB580F9-CDF0-488A-9FFC-BF5EACA6B435}.Release|Any CPU.Build.0 = Release|Any CPU
		{6E21D5C8-2C8D-4316-BEBD-6D9C3DF2790E}.Debug|Any CPU.ActiveCfg = Debug|Any CPU
		{6E21D5C8-2C8D-4316-BEBD-6D9C3DF2790E}.Debug|Any CPU.Build.0 = Debug|Any CPU
		{6E21D5C8-2C8D-4316-BEBD-6D9C3DF2790E}.Release|Any CPU.ActiveCfg = Release|Any CPU
		{6E21D5C8-2C8D-4316-BEBD-6D9C3DF2790E}.Release|Any CPU.Build.0 = Release|Any CPU
		{0C2B0F05-7B2D-431D-81AB-F832E5B63810}.Debug|Any CPU.ActiveCfg = Debug|Any CPU
		{0C2B0F05-7B2D-431D-81AB-F832E5B63810}.Debug|Any CPU.Build.0 = Debug|Any CPU
		{0C2B0F05-7B2D-431D-81AB-F832E5B63810}.Release|Any CPU.ActiveCfg = Release|Any CPU
		{0C2B0F05-7B2D-431D-81AB-F832E5B63810}.Release|Any CPU.Build.0 = Release|Any CPU
		{21C9DB98-2E17-4976-B273-EFAF06FAE5FA}.Debug|Any CPU.ActiveCfg = Debug|Any CPU
		{21C9DB98-2E17-4976-B273-EFAF06FAE5FA}.Debug|Any CPU.Build.0 = Debug|Any CPU
		{21C9DB98-2E17-4976-B273-EFAF06FAE5FA}.Release|Any CPU.ActiveCfg = Release|Any CPU
		{21C9DB98-2E17-4976-B273-EFAF06FAE5FA}.Release|Any CPU.Build.0 = Release|Any CPU
		{8DFED562-DD5D-4F10-A2C2-6C57D289508C}.Debug|Any CPU.ActiveCfg = Debug|Any CPU
		{8DFED562-DD5D-4F10-A2C2-6C57D289508C}.Debug|Any CPU.Build.0 = Debug|Any CPU
		{8DFED562-DD5D-4F10-A2C2-6C57D289508C}.Release|Any CPU.ActiveCfg = Release|Any CPU
		{8DFED562-DD5D-4F10-A2C2-6C57D289508C}.Release|Any CPU.Build.0 = Release|Any CPU
		{83E44EFE-575F-409F-A1ED-BDE1C4167068}.Debug|Any CPU.ActiveCfg = Debug|Any CPU
		{83E44EFE-575F-409F-A1ED-BDE1C4167068}.Debug|Any CPU.Build.0 = Debug|Any CPU
		{83E44EFE-575F-409F-A1ED-BDE1C4167068}.Release|Any CPU.ActiveCfg = Release|Any CPU
		{83E44EFE-575F-409F-A1ED-BDE1C4167068}.Release|Any CPU.Build.0 = Release|Any CPU
		{B25207A5-BC8D-434C-9ED6-527044BD8804}.Debug|Any CPU.ActiveCfg = Debug|Any CPU
		{B25207A5-BC8D-434C-9ED6-527044BD8804}.Debug|Any CPU.Build.0 = Debug|Any CPU
		{B25207A5-BC8D-434C-9ED6-527044BD8804}.Release|Any CPU.ActiveCfg = Release|Any CPU
		{B25207A5-BC8D-434C-9ED6-527044BD8804}.Release|Any CPU.Build.0 = Release|Any CPU
		{B91E14BD-F270-415D-BBEB-6AED3ED58F58}.Debug|Any CPU.ActiveCfg = Debug|Any CPU
		{B91E14BD-F270-415D-BBEB-6AED3ED58F58}.Debug|Any CPU.Build.0 = Debug|Any CPU
		{B91E14BD-F270-415D-BBEB-6AED3ED58F58}.Release|Any CPU.ActiveCfg = Release|Any CPU
		{B91E14BD-F270-415D-BBEB-6AED3ED58F58}.Release|Any CPU.Build.0 = Release|Any CPU
		{FAE128B3-BFBD-41D5-8366-8519F716CBAB}.Debug|Any CPU.ActiveCfg = Debug|Any CPU
		{FAE128B3-BFBD-41D5-8366-8519F716CBAB}.Debug|Any CPU.Build.0 = Debug|Any CPU
		{FAE128B3-BFBD-41D5-8366-8519F716CBAB}.Release|Any CPU.ActiveCfg = Release|Any CPU
		{FAE128B3-BFBD-41D5-8366-8519F716CBAB}.Release|Any CPU.Build.0 = Release|Any CPU
		{0008E23B-A084-451E-9168-9B015FF70CC5}.Debug|Any CPU.ActiveCfg = Debug|Any CPU
		{0008E23B-A084-451E-9168-9B015FF70CC5}.Debug|Any CPU.Build.0 = Debug|Any CPU
		{0008E23B-A084-451E-9168-9B015FF70CC5}.Release|Any CPU.ActiveCfg = Release|Any CPU
		{0008E23B-A084-451E-9168-9B015FF70CC5}.Release|Any CPU.Build.0 = Release|Any CPU
		{E966FE30-2B00-4542-920F-BC7523989632}.Debug|Any CPU.ActiveCfg = Debug|Any CPU
		{E966FE30-2B00-4542-920F-BC7523989632}.Debug|Any CPU.Build.0 = Debug|Any CPU
		{E966FE30-2B00-4542-920F-BC7523989632}.Release|Any CPU.ActiveCfg = Release|Any CPU
		{E966FE30-2B00-4542-920F-BC7523989632}.Release|Any CPU.Build.0 = Release|Any CPU
	EndGlobalSection
	GlobalSection(SolutionProperties) = preSolution
		HideSolutionNode = FALSE
	EndGlobalSection
	GlobalSection(NestedProjects) = preSolution
		{651F14A0-0E99-4270-A2C8-42D10425521C} = {56459A89-F3E4-4088-88A5-2B5B9B0EBA08}
		{2FB580F9-CDF0-488A-9FFC-BF5EACA6B435} = {651F14A0-0E99-4270-A2C8-42D10425521C}
		{6E21D5C8-2C8D-4316-BEBD-6D9C3DF2790E} = {651F14A0-0E99-4270-A2C8-42D10425521C}
		{0C2B0F05-7B2D-431D-81AB-F832E5B63810} = {651F14A0-0E99-4270-A2C8-42D10425521C}
		{21C9DB98-2E17-4976-B273-EFAF06FAE5FA} = {651F14A0-0E99-4270-A2C8-42D10425521C}
		{03C6E33C-16FE-422B-8F30-7CBBD39076E2} = {C86658F2-7641-475C-9DCE-7E5F0F764E52}
		{8DFED562-DD5D-4F10-A2C2-6C57D289508C} = {03C6E33C-16FE-422B-8F30-7CBBD39076E2}
		{B1949CFF-6EBA-4482-894F-3A37F2840DF2} = {56459A89-F3E4-4088-88A5-2B5B9B0EBA08}
		{B25207A5-BC8D-434C-9ED6-527044BD8804} = {B1949CFF-6EBA-4482-894F-3A37F2840DF2}
		{452209D6-76BD-4D3F-8918-120DE35B9B6C} = {56459A89-F3E4-4088-88A5-2B5B9B0EBA08}
		{B91E14BD-F270-415D-BBEB-6AED3ED58F58} = {452209D6-76BD-4D3F-8918-120DE35B9B6C}
		{FAE128B3-BFBD-41D5-8366-8519F716CBAB} = {452209D6-76BD-4D3F-8918-120DE35B9B6C}
		{0008E23B-A084-451E-9168-9B015FF70CC5} = {452209D6-76BD-4D3F-8918-120DE35B9B6C}
		{E966FE30-2B00-4542-920F-BC7523989632} = {452209D6-76BD-4D3F-8918-120DE35B9B6C}
	EndGlobalSection
	GlobalSection(ExtensibilityGlobals) = postSolution
		SolutionGuid = {4B125A6E-E48E-43DC-A6A5-52495A64B42D}
	EndGlobalSection
EndGlobal
