
Microsoft Visual Studio Solution File, Format Version 12.00
# Visual Studio Version 17
VisualStudioVersion = 17.10.34928.147
MinimumVisualStudioVersion = 10.0.40219.1
Project("{2150E333-8FDC-42A3-9474-1A3956D46DE8}") = "src", "src", "{56459A89-F3E4-4088-88A5-2B5B9B0EBA08}"
EndProject
Project("{2150E333-8FDC-42A3-9474-1A3956D46DE8}") = "Users", "Users", "{651F14A0-0E99-4270-A2C8-42D10425521C}"
EndProject
Project("{9A19103F-16F7-4668-BE54-9A1E7A4F7556}") = "Users.Infrastructure", "src\Users\Users.Infrastructure\Users.Infrastructure.csproj", "{2FB580F9-CDF0-488A-9FFC-BF5EACA6B435}"
	ProjectSection(ProjectDependencies) = postProject
		{2115B503-21B7-491A-BCE2-B3D3A824CFA1} = {2115B503-21B7-491A-BCE2-B3D3A824CFA1}
		{6E21D5C8-2C8D-4316-BEBD-6D9C3DF2790E} = {6E21D5C8-2C8D-4316-BEBD-6D9C3DF2790E}
		{B70BF9BC-1CBC-4555-A54C-7FA634531CC4} = {B70BF9BC-1CBC-4555-A54C-7FA634531CC4}
		{F199C49F-6DCB-4BDE-8A74-D2B5B4E7AE4F} = {F199C49F-6DCB-4BDE-8A74-D2B5B4E7AE4F}
	EndProjectSection
EndProject
Project("{9A19103F-16F7-4668-BE54-9A1E7A4F7556}") = "Users.Domain", "src\Users\Users.Domain\Users.Domain.csproj", "{6E21D5C8-2C8D-4316-BEBD-6D9C3DF2790E}"
EndProject
Project("{9A19103F-16F7-4668-BE54-9A1E7A4F7556}") = "Users.Application", "src\Users\Users.Application\Users.Application.csproj", "{0C2B0F05-7B2D-431D-81AB-F832E5B63810}"
	ProjectSection(ProjectDependencies) = postProject
		{2FB580F9-CDF0-488A-9FFC-BF5EACA6B435} = {2FB580F9-CDF0-488A-9FFC-BF5EACA6B435}
		{6E21D5C8-2C8D-4316-BEBD-6D9C3DF2790E} = {6E21D5C8-2C8D-4316-BEBD-6D9C3DF2790E}
		{860DBD5D-1709-489E-B3B6-DEF886A6F1F4} = {860DBD5D-1709-489E-B3B6-DEF886A6F1F4}
	EndProjectSection
EndProject
Project("{9A19103F-16F7-4668-BE54-9A1E7A4F7556}") = "Users.API", "src\Users\Users.API\Users.API.csproj", "{21C9DB98-2E17-4976-B273-EFAF06FAE5FA}"
	ProjectSection(ProjectDependencies) = postProject
		{0C2B0F05-7B2D-431D-81AB-F832E5B63810} = {0C2B0F05-7B2D-431D-81AB-F832E5B63810}
		{2FB580F9-CDF0-488A-9FFC-BF5EACA6B435} = {2FB580F9-CDF0-488A-9FFC-BF5EACA6B435}
		{860DBD5D-1709-489E-B3B6-DEF886A6F1F4} = {860DBD5D-1709-489E-B3B6-DEF886A6F1F4}
	EndProjectSection
EndProject
Project("{2150E333-8FDC-42A3-9474-1A3956D46DE8}") = "tests", "tests", "{C86658F2-7641-475C-9DCE-7E5F0F764E52}"
EndProject
Project("{2150E333-8FDC-42A3-9474-1A3956D46DE8}") = "Users", "Users", "{03C6E33C-16FE-422B-8F30-7CBBD39076E2}"
EndProject
Project("{9A19103F-16F7-4668-BE54-9A1E7A4F7556}") = "Users.Application.UnitTests", "tests\Users\Users.Application.UnitTests\Users.Application.UnitTests.csproj", "{8DFED562-DD5D-4F10-A2C2-6C57D289508C}"
EndProject
Project("{2150E333-8FDC-42A3-9474-1A3956D46DE8}") = "gateway", "gateway", "{B1949CFF-6EBA-4482-894F-3A37F2840DF2}"
EndProject
Project("{9A19103F-16F7-4668-BE54-9A1E7A4F7556}") = "Gateway.API", "src\Gateway\Gateway.API\Gateway.API.csproj", "{B25207A5-BC8D-434C-9ED6-527044BD8804}"
EndProject
Project("{2150E333-8FDC-42A3-9474-1A3956D46DE8}") = "Appointments", "Appointments", "{452209D6-76BD-4D3F-8918-120DE35B9B6C}"
EndProject
Project("{9A19103F-16F7-4668-BE54-9A1E7A4F7556}") = "Appointments.Domain", "src\Appointments\Appointments.Domain\Appointments.Domain.csproj", "{B91E14BD-F270-415D-BBEB-6AED3ED58F58}"
EndProject
Project("{9A19103F-16F7-4668-BE54-9A1E7A4F7556}") = "Appointments.Infrastructure", "src\Appointments\Appointments.Infrastructure\Appointments.Infrastructure.csproj", "{FAE128B3-BFBD-41D5-8366-8519F716CBAB}"
	ProjectSection(ProjectDependencies) = postProject
		{B91E14BD-F270-415D-BBEB-6AED3ED58F58} = {B91E14BD-F270-415D-BBEB-6AED3ED58F58}
	EndProjectSection
EndProject
Project("{9A19103F-16F7-4668-BE54-9A1E7A4F7556}") = "Appointments.API", "src\Appointments\Appointments.API\Appointments.API.csproj", "{0008E23B-A084-451E-9168-9B015FF70CC5}"
	ProjectSection(ProjectDependencies) = postProject
		{860DBD5D-1709-489E-B3B6-DEF886A6F1F4} = {860DBD5D-1709-489E-B3B6-DEF886A6F1F4}
		{FAE128B3-BFBD-41D5-8366-8519F716CBAB} = {FAE128B3-BFBD-41D5-8366-8519F716CBAB}
	EndProjectSection
EndProject
Project("{9A19103F-16F7-4668-BE54-9A1E7A4F7556}") = "Appointments.Application", "src\Appointments\Appointments.Application\Appointments.Application.csproj", "{E966FE30-2B00-4542-920F-BC7523989632}"
	ProjectSection(ProjectDependencies) = postProject
		{B91E14BD-F270-415D-BBEB-6AED3ED58F58} = {B91E14BD-F270-415D-BBEB-6AED3ED58F58}
	EndProjectSection
EndProject
Project("{E53339B2-1760-4266-BCC7-CA923CBCF16C}") = "docker-compose", "docker-compose.dcproj", "{4BCFECFE-6858-4F26-9425-3E406761B9DE}"
EndProject
Project("{2150E333-8FDC-42A3-9474-1A3956D46DE8}") = "Shared", "Shared", "{558B1292-4B6C-470E-8C55-764312F2AC31}"
EndProject
Project("{2150E333-8FDC-42A3-9474-1A3956D46DE8}") = "Appointments", "Appointments", "{D905681D-E8DF-4A19-A4E0-3429A1DA1F1B}"
EndProject
Project("{FAE04EC0-301F-11D3-BF4B-00C04F79EFBC}") = "Appointments.Application.UnitTests", "tests\Appointments\Appointments.Application.UnitTests\Appointments.Application.UnitTests.csproj", "{22044D58-CBD2-443C-8A5D-35AA1C3DE3D0}"
EndProject
Project("{2150E333-8FDC-42A3-9474-1A3956D46DE8}") = "Shared", "Shared", "{E0D814AA-4F90-49E5-AC6A-A5B4D73332C7}"
EndProject
Project("{FAE04EC0-301F-11D3-BF4B-00C04F79EFBC}") = "Shared.Application.UnitTests", "tests\Shared\Shared.Application.UnitTests\Shared.Application.UnitTests.csproj", "{70320507-A166-4F4D-82A1-B91B457B7D57}"
	ProjectSection(ProjectDependencies) = postProject
		{860DBD5D-1709-489E-B3B6-DEF886A6F1F4} = {860DBD5D-1709-489E-B3B6-DEF886A6F1F4}
	EndProjectSection
EndProject
Project("{FAE04EC0-301F-11D3-BF4B-00C04F79EFBC}") = "Users.Application.IntegrationTests", "tests\Users\Users.Application.IntegrationTests\Users.Application.IntegrationTests.csproj", "{2F48DAEF-F9D1-47B6-BFA5-C2822815EA6F}"
	ProjectSection(ProjectDependencies) = postProject
		{21C9DB98-2E17-4976-B273-EFAF06FAE5FA} = {21C9DB98-2E17-4976-B273-EFAF06FAE5FA}
		{B7855190-7D67-42D1-8EEC-1D039CC28525} = {B7855190-7D67-42D1-8EEC-1D039CC28525}
	EndProjectSection
EndProject
Project("{FAE04EC0-301F-11D3-BF4B-00C04F79EFBC}") = "Shared.Application.IntegrationTests", "tests\Shared\Shared.Application.IntegrationTests\Shared.Application.IntegrationTests.csproj", "{B7855190-7D67-42D1-8EEC-1D039CC28525}"
EndProject
Project("{FAE04EC0-301F-11D3-BF4B-00C04F79EFBC}") = "Shared.Application", "src\Shared\Shared.Application\Shared.Application.csproj", "{860DBD5D-1709-489E-B3B6-DEF886A6F1F4}"
EndProject
Project("{FAE04EC0-301F-11D3-BF4B-00C04F79EFBC}") = "Shared.Domain", "src\Shared\Shared.Domain\Shared.Domain.csproj", "{B70BF9BC-1CBC-4555-A54C-7FA634531CC4}"
EndProject
Project("{FAE04EC0-301F-11D3-BF4B-00C04F79EFBC}") = "Shared.Infrastructure", "src\Shared\Shared.Infrastructure\Shared.Infrastructure.csproj", "{F199C49F-6DCB-4BDE-8A74-D2B5B4E7AE4F}"
EndProject
Project("{FAE04EC0-301F-11D3-BF4B-00C04F79EFBC}") = "Shared.API", "src\Shared\Shared.API\Shared.API.csproj", "{B3E137A5-4F43-499E-9C25-FCBFFB2D2DB5}"
	ProjectSection(ProjectDependencies) = postProject
		{B70BF9BC-1CBC-4555-A54C-7FA634531CC4} = {B70BF9BC-1CBC-4555-A54C-7FA634531CC4}
	EndProjectSection
EndProject
Project("{2150E333-8FDC-42A3-9474-1A3956D46DE8}") = "Emails", "Emails", "{E136B147-F033-4730-878D-58EACF8F8C9B}"
EndProject
Project("{FAE04EC0-301F-11D3-BF4B-00C04F79EFBC}") = "Emails.Application", "src\Emails\Emails.Application\Emails.Application.csproj", "{D67E89AC-4BB6-4E31-A8C2-BBA8CF8A6C55}"
EndProject
Project("{FAE04EC0-301F-11D3-BF4B-00C04F79EFBC}") = "Emails.API", "src\Emails\Emails.API\Emails.API.csproj", "{258E771F-09C6-40D6-90D3-67E84E8AE6FD}"
	ProjectSection(ProjectDependencies) = postProject
		{860DBD5D-1709-489E-B3B6-DEF886A6F1F4} = {860DBD5D-1709-489E-B3B6-DEF886A6F1F4}
		{D67E89AC-4BB6-4E31-A8C2-BBA8CF8A6C55} = {D67E89AC-4BB6-4E31-A8C2-BBA8CF8A6C55}
	EndProjectSection
EndProject
Project("{FAE04EC0-301F-11D3-BF4B-00C04F79EFBC}") = "Shared", "src\Shared\Shared\Shared.csproj", "{2115B503-21B7-491A-BCE2-B3D3A824CFA1}"
EndProject
Project("{FAE04EC0-301F-11D3-BF4B-00C04F79EFBC}") = "Appointments.Application.IntegrationTests", "tests\Appointments\Appointments.Application.IntegrationTests\Appointments.Application.IntegrationTests.csproj", "{EC103236-E060-4B68-8782-6AED54DE9064}"
EndProject
Global
	GlobalSection(SolutionConfigurationPlatforms) = preSolution
		Debug|Any CPU = Debug|Any CPU
		Release|Any CPU = Release|Any CPU
	EndGlobalSection
	GlobalSection(ProjectConfigurationPlatforms) = postSolution
		{2FB580F9-CDF0-488A-9FFC-BF5EACA6B435}.Debug|Any CPU.ActiveCfg = Debug|Any CPU
		{2FB580F9-CDF0-488A-9FFC-BF5EACA6B435}.Debug|Any CPU.Build.0 = Debug|Any CPU
		{2FB580F9-CDF0-488A-9FFC-BF5EACA6B435}.Release|Any CPU.ActiveCfg = Release|Any CPU
		{2FB580F9-CDF0-488A-9FFC-BF5EACA6B435}.Release|Any CPU.Build.0 = Release|Any CPU
		{6E21D5C8-2C8D-4316-BEBD-6D9C3DF2790E}.Debug|Any CPU.ActiveCfg = Debug|Any CPU
		{6E21D5C8-2C8D-4316-BEBD-6D9C3DF2790E}.Debug|Any CPU.Build.0 = Debug|Any CPU
		{6E21D5C8-2C8D-4316-BEBD-6D9C3DF2790E}.Release|Any CPU.ActiveCfg = Release|Any CPU
		{6E21D5C8-2C8D-4316-BEBD-6D9C3DF2790E}.Release|Any CPU.Build.0 = Release|Any CPU
		{0C2B0F05-7B2D-431D-81AB-F832E5B63810}.Debug|Any CPU.ActiveCfg = Debug|Any CPU
		{0C2B0F05-7B2D-431D-81AB-F832E5B63810}.Debug|Any CPU.Build.0 = Debug|Any CPU
		{0C2B0F05-7B2D-431D-81AB-F832E5B63810}.Release|Any CPU.ActiveCfg = Release|Any CPU
		{0C2B0F05-7B2D-431D-81AB-F832E5B63810}.Release|Any CPU.Build.0 = Release|Any CPU
		{21C9DB98-2E17-4976-B273-EFAF06FAE5FA}.Debug|Any CPU.ActiveCfg = Debug|Any CPU
		{21C9DB98-2E17-4976-B273-EFAF06FAE5FA}.Debug|Any CPU.Build.0 = Debug|Any CPU
		{21C9DB98-2E17-4976-B273-EFAF06FAE5FA}.Release|Any CPU.ActiveCfg = Release|Any CPU
		{21C9DB98-2E17-4976-B273-EFAF06FAE5FA}.Release|Any CPU.Build.0 = Release|Any CPU
		{8DFED562-DD5D-4F10-A2C2-6C57D289508C}.Debug|Any CPU.ActiveCfg = Debug|Any CPU
		{8DFED562-DD5D-4F10-A2C2-6C57D289508C}.Debug|Any CPU.Build.0 = Debug|Any CPU
		{8DFED562-DD5D-4F10-A2C2-6C57D289508C}.Release|Any CPU.ActiveCfg = Release|Any CPU
		{8DFED562-DD5D-4F10-A2C2-6C57D289508C}.Release|Any CPU.Build.0 = Release|Any CPU
		{B25207A5-BC8D-434C-9ED6-527044BD8804}.Debug|Any CPU.ActiveCfg = Debug|Any CPU
		{B25207A5-BC8D-434C-9ED6-527044BD8804}.Debug|Any CPU.Build.0 = Debug|Any CPU
		{B25207A5-BC8D-434C-9ED6-527044BD8804}.Release|Any CPU.ActiveCfg = Release|Any CPU
		{B25207A5-BC8D-434C-9ED6-527044BD8804}.Release|Any CPU.Build.0 = Release|Any CPU
		{B91E14BD-F270-415D-BBEB-6AED3ED58F58}.Debug|Any CPU.ActiveCfg = Debug|Any CPU
		{B91E14BD-F270-415D-BBEB-6AED3ED58F58}.Debug|Any CPU.Build.0 = Debug|Any CPU
		{B91E14BD-F270-415D-BBEB-6AED3ED58F58}.Release|Any CPU.ActiveCfg = Release|Any CPU
		{B91E14BD-F270-415D-BBEB-6AED3ED58F58}.Release|Any CPU.Build.0 = Release|Any CPU
		{FAE128B3-BFBD-41D5-8366-8519F716CBAB}.Debug|Any CPU.ActiveCfg = Debug|Any CPU
		{FAE128B3-BFBD-41D5-8366-8519F716CBAB}.Debug|Any CPU.Build.0 = Debug|Any CPU
		{FAE128B3-BFBD-41D5-8366-8519F716CBAB}.Release|Any CPU.ActiveCfg = Release|Any CPU
		{FAE128B3-BFBD-41D5-8366-8519F716CBAB}.Release|Any CPU.Build.0 = Release|Any CPU
		{0008E23B-A084-451E-9168-9B015FF70CC5}.Debug|Any CPU.ActiveCfg = Debug|Any CPU
		{0008E23B-A084-451E-9168-9B015FF70CC5}.Debug|Any CPU.Build.0 = Debug|Any CPU
		{0008E23B-A084-451E-9168-9B015FF70CC5}.Release|Any CPU.ActiveCfg = Release|Any CPU
		{0008E23B-A084-451E-9168-9B015FF70CC5}.Release|Any CPU.Build.0 = Release|Any CPU
		{E966FE30-2B00-4542-920F-BC7523989632}.Debug|Any CPU.ActiveCfg = Debug|Any CPU
		{E966FE30-2B00-4542-920F-BC7523989632}.Debug|Any CPU.Build.0 = Debug|Any CPU
		{E966FE30-2B00-4542-920F-BC7523989632}.Release|Any CPU.ActiveCfg = Release|Any CPU
		{E966FE30-2B00-4542-920F-BC7523989632}.Release|Any CPU.Build.0 = Release|Any CPU
		{4BCFECFE-6858-4F26-9425-3E406761B9DE}.Debug|Any CPU.ActiveCfg = Debug|Any CPU
		{4BCFECFE-6858-4F26-9425-3E406761B9DE}.Debug|Any CPU.Build.0 = Debug|Any CPU
		{4BCFECFE-6858-4F26-9425-3E406761B9DE}.Release|Any CPU.ActiveCfg = Release|Any CPU
		{4BCFECFE-6858-4F26-9425-3E406761B9DE}.Release|Any CPU.Build.0 = Release|Any CPU
		{22044D58-CBD2-443C-8A5D-35AA1C3DE3D0}.Debug|Any CPU.ActiveCfg = Debug|Any CPU
		{22044D58-CBD2-443C-8A5D-35AA1C3DE3D0}.Debug|Any CPU.Build.0 = Debug|Any CPU
		{22044D58-CBD2-443C-8A5D-35AA1C3DE3D0}.Release|Any CPU.ActiveCfg = Release|Any CPU
		{22044D58-CBD2-443C-8A5D-35AA1C3DE3D0}.Release|Any CPU.Build.0 = Release|Any CPU
		{70320507-A166-4F4D-82A1-B91B457B7D57}.Debug|Any CPU.ActiveCfg = Debug|Any CPU
		{70320507-A166-4F4D-82A1-B91B457B7D57}.Debug|Any CPU.Build.0 = Debug|Any CPU
		{70320507-A166-4F4D-82A1-B91B457B7D57}.Release|Any CPU.ActiveCfg = Release|Any CPU
		{70320507-A166-4F4D-82A1-B91B457B7D57}.Release|Any CPU.Build.0 = Release|Any CPU
		{2F48DAEF-F9D1-47B6-BFA5-C2822815EA6F}.Debug|Any CPU.ActiveCfg = Debug|Any CPU
		{2F48DAEF-F9D1-47B6-BFA5-C2822815EA6F}.Debug|Any CPU.Build.0 = Debug|Any CPU
		{2F48DAEF-F9D1-47B6-BFA5-C2822815EA6F}.Release|Any CPU.ActiveCfg = Release|Any CPU
		{2F48DAEF-F9D1-47B6-BFA5-C2822815EA6F}.Release|Any CPU.Build.0 = Release|Any CPU
		{B7855190-7D67-42D1-8EEC-1D039CC28525}.Debug|Any CPU.ActiveCfg = Debug|Any CPU
		{B7855190-7D67-42D1-8EEC-1D039CC28525}.Debug|Any CPU.Build.0 = Debug|Any CPU
		{B7855190-7D67-42D1-8EEC-1D039CC28525}.Release|Any CPU.ActiveCfg = Release|Any CPU
		{B7855190-7D67-42D1-8EEC-1D039CC28525}.Release|Any CPU.Build.0 = Release|Any CPU
		{860DBD5D-1709-489E-B3B6-DEF886A6F1F4}.Debug|Any CPU.ActiveCfg = Debug|Any CPU
		{860DBD5D-1709-489E-B3B6-DEF886A6F1F4}.Debug|Any CPU.Build.0 = Debug|Any CPU
		{860DBD5D-1709-489E-B3B6-DEF886A6F1F4}.Release|Any CPU.ActiveCfg = Release|Any CPU
		{860DBD5D-1709-489E-B3B6-DEF886A6F1F4}.Release|Any CPU.Build.0 = Release|Any CPU
		{B70BF9BC-1CBC-4555-A54C-7FA634531CC4}.Debug|Any CPU.ActiveCfg = Debug|Any CPU
		{B70BF9BC-1CBC-4555-A54C-7FA634531CC4}.Debug|Any CPU.Build.0 = Debug|Any CPU
		{B70BF9BC-1CBC-4555-A54C-7FA634531CC4}.Release|Any CPU.ActiveCfg = Release|Any CPU
		{B70BF9BC-1CBC-4555-A54C-7FA634531CC4}.Release|Any CPU.Build.0 = Release|Any CPU
		{F199C49F-6DCB-4BDE-8A74-D2B5B4E7AE4F}.Debug|Any CPU.ActiveCfg = Debug|Any CPU
		{F199C49F-6DCB-4BDE-8A74-D2B5B4E7AE4F}.Debug|Any CPU.Build.0 = Debug|Any CPU
		{F199C49F-6DCB-4BDE-8A74-D2B5B4E7AE4F}.Release|Any CPU.ActiveCfg = Release|Any CPU
		{F199C49F-6DCB-4BDE-8A74-D2B5B4E7AE4F}.Release|Any CPU.Build.0 = Release|Any CPU
		{B3E137A5-4F43-499E-9C25-FCBFFB2D2DB5}.Debug|Any CPU.ActiveCfg = Debug|Any CPU
		{B3E137A5-4F43-499E-9C25-FCBFFB2D2DB5}.Debug|Any CPU.Build.0 = Debug|Any CPU
		{B3E137A5-4F43-499E-9C25-FCBFFB2D2DB5}.Release|Any CPU.ActiveCfg = Release|Any CPU
		{B3E137A5-4F43-499E-9C25-FCBFFB2D2DB5}.Release|Any CPU.Build.0 = Release|Any CPU
		{D67E89AC-4BB6-4E31-A8C2-BBA8CF8A6C55}.Debug|Any CPU.ActiveCfg = Debug|Any CPU
		{D67E89AC-4BB6-4E31-A8C2-BBA8CF8A6C55}.Debug|Any CPU.Build.0 = Debug|Any CPU
		{D67E89AC-4BB6-4E31-A8C2-BBA8CF8A6C55}.Release|Any CPU.ActiveCfg = Release|Any CPU
		{D67E89AC-4BB6-4E31-A8C2-BBA8CF8A6C55}.Release|Any CPU.Build.0 = Release|Any CPU
		{258E771F-09C6-40D6-90D3-67E84E8AE6FD}.Debug|Any CPU.ActiveCfg = Debug|Any CPU
		{258E771F-09C6-40D6-90D3-67E84E8AE6FD}.Debug|Any CPU.Build.0 = Debug|Any CPU
		{258E771F-09C6-40D6-90D3-67E84E8AE6FD}.Release|Any CPU.ActiveCfg = Release|Any CPU
		{258E771F-09C6-40D6-90D3-67E84E8AE6FD}.Release|Any CPU.Build.0 = Release|Any CPU
		{2115B503-21B7-491A-BCE2-B3D3A824CFA1}.Debug|Any CPU.ActiveCfg = Debug|Any CPU
		{2115B503-21B7-491A-BCE2-B3D3A824CFA1}.Debug|Any CPU.Build.0 = Debug|Any CPU
		{2115B503-21B7-491A-BCE2-B3D3A824CFA1}.Release|Any CPU.ActiveCfg = Release|Any CPU
		{2115B503-21B7-491A-BCE2-B3D3A824CFA1}.Release|Any CPU.Build.0 = Release|Any CPU
		{EC103236-E060-4B68-8782-6AED54DE9064}.Debug|Any CPU.ActiveCfg = Debug|Any CPU
		{EC103236-E060-4B68-8782-6AED54DE9064}.Debug|Any CPU.Build.0 = Debug|Any CPU
		{EC103236-E060-4B68-8782-6AED54DE9064}.Release|Any CPU.ActiveCfg = Release|Any CPU
		{EC103236-E060-4B68-8782-6AED54DE9064}.Release|Any CPU.Build.0 = Release|Any CPU
	EndGlobalSection
	GlobalSection(SolutionProperties) = preSolution
		HideSolutionNode = FALSE
	EndGlobalSection
	GlobalSection(NestedProjects) = preSolution
		{651F14A0-0E99-4270-A2C8-42D10425521C} = {56459A89-F3E4-4088-88A5-2B5B9B0EBA08}
		{2FB580F9-CDF0-488A-9FFC-BF5EACA6B435} = {651F14A0-0E99-4270-A2C8-42D10425521C}
		{6E21D5C8-2C8D-4316-BEBD-6D9C3DF2790E} = {651F14A0-0E99-4270-A2C8-42D10425521C}
		{0C2B0F05-7B2D-431D-81AB-F832E5B63810} = {651F14A0-0E99-4270-A2C8-42D10425521C}
		{21C9DB98-2E17-4976-B273-EFAF06FAE5FA} = {651F14A0-0E99-4270-A2C8-42D10425521C}
		{03C6E33C-16FE-422B-8F30-7CBBD39076E2} = {C86658F2-7641-475C-9DCE-7E5F0F764E52}
		{8DFED562-DD5D-4F10-A2C2-6C57D289508C} = {03C6E33C-16FE-422B-8F30-7CBBD39076E2}
		{B1949CFF-6EBA-4482-894F-3A37F2840DF2} = {56459A89-F3E4-4088-88A5-2B5B9B0EBA08}
		{B25207A5-BC8D-434C-9ED6-527044BD8804} = {B1949CFF-6EBA-4482-894F-3A37F2840DF2}
		{452209D6-76BD-4D3F-8918-120DE35B9B6C} = {56459A89-F3E4-4088-88A5-2B5B9B0EBA08}
		{B91E14BD-F270-415D-BBEB-6AED3ED58F58} = {452209D6-76BD-4D3F-8918-120DE35B9B6C}
		{FAE128B3-BFBD-41D5-8366-8519F716CBAB} = {452209D6-76BD-4D3F-8918-120DE35B9B6C}
		{0008E23B-A084-451E-9168-9B015FF70CC5} = {452209D6-76BD-4D3F-8918-120DE35B9B6C}
		{E966FE30-2B00-4542-920F-BC7523989632} = {452209D6-76BD-4D3F-8918-120DE35B9B6C}
		{558B1292-4B6C-470E-8C55-764312F2AC31} = {56459A89-F3E4-4088-88A5-2B5B9B0EBA08}
		{D905681D-E8DF-4A19-A4E0-3429A1DA1F1B} = {C86658F2-7641-475C-9DCE-7E5F0F764E52}
		{22044D58-CBD2-443C-8A5D-35AA1C3DE3D0} = {D905681D-E8DF-4A19-A4E0-3429A1DA1F1B}
		{E0D814AA-4F90-49E5-AC6A-A5B4D73332C7} = {C86658F2-7641-475C-9DCE-7E5F0F764E52}
		{70320507-A166-4F4D-82A1-B91B457B7D57} = {E0D814AA-4F90-49E5-AC6A-A5B4D73332C7}
		{2F48DAEF-F9D1-47B6-BFA5-C2822815EA6F} = {03C6E33C-16FE-422B-8F30-7CBBD39076E2}
		{B7855190-7D67-42D1-8EEC-1D039CC28525} = {E0D814AA-4F90-49E5-AC6A-A5B4D73332C7}
		{860DBD5D-1709-489E-B3B6-DEF886A6F1F4} = {558B1292-4B6C-470E-8C55-764312F2AC31}
		{B70BF9BC-1CBC-4555-A54C-7FA634531CC4} = {558B1292-4B6C-470E-8C55-764312F2AC31}
		{F199C49F-6DCB-4BDE-8A74-D2B5B4E7AE4F} = {558B1292-4B6C-470E-8C55-764312F2AC31}
		{B3E137A5-4F43-499E-9C25-FCBFFB2D2DB5} = {558B1292-4B6C-470E-8C55-764312F2AC31}
		{E136B147-F033-4730-878D-58EACF8F8C9B} = {56459A89-F3E4-4088-88A5-2B5B9B0EBA08}
		{D67E89AC-4BB6-4E31-A8C2-BBA8CF8A6C55} = {E136B147-F033-4730-878D-58EACF8F8C9B}
		{258E771F-09C6-40D6-90D3-67E84E8AE6FD} = {E136B147-F033-4730-878D-58EACF8F8C9B}
		{2115B503-21B7-491A-BCE2-B3D3A824CFA1} = {558B1292-4B6C-470E-8C55-764312F2AC31}
		{EC103236-E060-4B68-8782-6AED54DE9064} = {D905681D-E8DF-4A19-A4E0-3429A1DA1F1B}
	EndGlobalSection
	GlobalSection(ExtensibilityGlobals) = postSolution
		SolutionGuid = {4B125A6E-E48E-43DC-A6A5-52495A64B42D}
	EndGlobalSection
EndGlobal
