
Microsoft Visual Studio Solution File, Format Version 12.00
# Visual Studio Version 17
VisualStudioVersion = 17.10.34928.147
MinimumVisualStudioVersion = 10.0.40219.1
Project("{2150E333-8FDC-42A3-9474-1A3956D46DE8}") = "src", "src", "{56459A89-F3E4-4088-88A5-2B5B9B0EBA08}"
EndProject
Project("{2150E333-8FDC-42A3-9474-1A3956D46DE8}") = "Users", "Users", "{651F14A0-0E99-4270-A2C8-42D10425521C}"
EndProject
Project("{9A19103F-16F7-4668-BE54-9A1E7A4F7556}") = "Users.Infrastructure", "src\Users\Users.Infrastructure\Users.Infrastructure.csproj", "{2FB580F9-CDF0-488A-9FFC-BF5EACA6B435}"
	ProjectSection(ProjectDependencies) = postProject
		{6E21D5C8-2C8D-4316-BEBD-6D9C3DF2790E} = {6E21D5C8-2C8D-4316-BEBD-6D9C3DF2790E}
	EndProjectSection
EndProject
Project("{9A19103F-16F7-4668-BE54-9A1E7A4F7556}") = "Users.Domain", "src\Users\Users.Domain\Users.Domain.csproj", "{6E21D5C8-2C8D-4316-BEBD-6D9C3DF2790E}"
EndProject
Project("{9A19103F-16F7-4668-BE54-9A1E7A4F7556}") = "Users.Application", "src\Users\Users.Application\Users.Application.csproj", "{0C2B0F05-7B2D-431D-81AB-F832E5B63810}"
	ProjectSection(ProjectDependencies) = postProject
		{2FB580F9-CDF0-488A-9FFC-BF5EACA6B435} = {2FB580F9-CDF0-488A-9FFC-BF5EACA6B435}
		{6E21D5C8-2C8D-4316-BEBD-6D9C3DF2790E} = {6E21D5C8-2C8D-4316-BEBD-6D9C3DF2790E}
	EndProjectSection
EndProject
Project("{9A19103F-16F7-4668-BE54-9A1E7A4F7556}") = "Users.API", "src\Users\Users.API\Users.API.csproj", "{21C9DB98-2E17-4976-B273-EFAF06FAE5FA}"
	ProjectSection(ProjectDependencies) = postProject
		{0C2B0F05-7B2D-431D-81AB-F832E5B63810} = {0C2B0F05-7B2D-431D-81AB-F832E5B63810}
		{2FB580F9-CDF0-488A-9FFC-BF5EACA6B435} = {2FB580F9-CDF0-488A-9FFC-BF5EACA6B435}
	EndProjectSection
EndProject
Project("{2150E333-8FDC-42A3-9474-1A3956D46DE8}") = "tests", "tests", "{C86658F2-7641-475C-9DCE-7E5F0F764E52}"
EndProject
Project("{2150E333-8FDC-42A3-9474-1A3956D46DE8}") = "Users", "Users", "{03C6E33C-16FE-422B-8F30-7CBBD39076E2}"
EndProject
Project("{FAE04EC0-301F-11D3-BF4B-00C04F79EFBC}") = "Users.Application.UnitTests", "Users.Application.UnitTests\Users.Application.UnitTests.csproj", "{9A64EDC2-DA7C-4C7A-8192-5A97037F189C}"
EndProject
Global
	GlobalSection(SolutionConfigurationPlatforms) = preSolution
		Debug|Any CPU = Debug|Any CPU
		Release|Any CPU = Release|Any CPU
	EndGlobalSection
	GlobalSection(ProjectConfigurationPlatforms) = postSolution
		{2FB580F9-CDF0-488A-9FFC-BF5EACA6B435}.Debug|Any CPU.ActiveCfg = Debug|Any CPU
		{2FB580F9-CDF0-488A-9FFC-BF5EACA6B435}.Debug|Any CPU.Build.0 = Debug|Any CPU
		{2FB580F9-CDF0-488A-9FFC-BF5EACA6B435}.Release|Any CPU.ActiveCfg = Release|Any CPU
		{2FB580F9-CDF0-488A-9FFC-BF5EACA6B435}.Release|Any CPU.Build.0 = Release|Any CPU
		{6E21D5C8-2C8D-4316-BEBD-6D9C3DF2790E}.Debug|Any CPU.ActiveCfg = Debug|Any CPU
		{6E21D5C8-2C8D-4316-BEBD-6D9C3DF2790E}.Debug|Any CPU.Build.0 = Debug|Any CPU
		{6E21D5C8-2C8D-4316-BEBD-6D9C3DF2790E}.Release|Any CPU.ActiveCfg = Release|Any CPU
		{6E21D5C8-2C8D-4316-BEBD-6D9C3DF2790E}.Release|Any CPU.Build.0 = Release|Any CPU
		{0C2B0F05-7B2D-431D-81AB-F832E5B63810}.Debug|Any CPU.ActiveCfg = Debug|Any CPU
		{0C2B0F05-7B2D-431D-81AB-F832E5B63810}.Debug|Any CPU.Build.0 = Debug|Any CPU
		{0C2B0F05-7B2D-431D-81AB-F832E5B63810}.Release|Any CPU.ActiveCfg = Release|Any CPU
		{0C2B0F05-7B2D-431D-81AB-F832E5B63810}.Release|Any CPU.Build.0 = Release|Any CPU
		{21C9DB98-2E17-4976-B273-EFAF06FAE5FA}.Debug|Any CPU.ActiveCfg = Debug|Any CPU
		{21C9DB98-2E17-4976-B273-EFAF06FAE5FA}.Debug|Any CPU.Build.0 = Debug|Any CPU
		{21C9DB98-2E17-4976-B273-EFAF06FAE5FA}.Release|Any CPU.ActiveCfg = Release|Any CPU
		{21C9DB98-2E17-4976-B273-EFAF06FAE5FA}.Release|Any CPU.Build.0 = Release|Any CPU
		{9A64EDC2-DA7C-4C7A-8192-5A97037F189C}.Debug|Any CPU.ActiveCfg = Debug|Any CPU
		{9A64EDC2-DA7C-4C7A-8192-5A97037F189C}.Debug|Any CPU.Build.0 = Debug|Any CPU
		{9A64EDC2-DA7C-4C7A-8192-5A97037F189C}.Release|Any CPU.ActiveCfg = Release|Any CPU
		{9A64EDC2-DA7C-4C7A-8192-5A97037F189C}.Release|Any CPU.Build.0 = Release|Any CPU
	EndGlobalSection
	GlobalSection(SolutionProperties) = preSolution
		HideSolutionNode = FALSE
	EndGlobalSection
	GlobalSection(NestedProjects) = preSolution
		{651F14A0-0E99-4270-A2C8-42D10425521C} = {56459A89-F3E4-4088-88A5-2B5B9B0EBA08}
		{2FB580F9-CDF0-488A-9FFC-BF5EACA6B435} = {651F14A0-0E99-4270-A2C8-42D10425521C}
		{6E21D5C8-2C8D-4316-BEBD-6D9C3DF2790E} = {651F14A0-0E99-4270-A2C8-42D10425521C}
		{0C2B0F05-7B2D-431D-81AB-F832E5B63810} = {651F14A0-0E99-4270-A2C8-42D10425521C}
		{21C9DB98-2E17-4976-B273-EFAF06FAE5FA} = {651F14A0-0E99-4270-A2C8-42D10425521C}
		{03C6E33C-16FE-422B-8F30-7CBBD39076E2} = {C86658F2-7641-475C-9DCE-7E5F0F764E52}
		{9A64EDC2-DA7C-4C7A-8192-5A97037F189C} = {03C6E33C-16FE-422B-8F30-7CBBD39076E2}
	EndGlobalSection
	GlobalSection(ExtensibilityGlobals) = postSolution
		SolutionGuid = {4B125A6E-E48E-43DC-A6A5-52495A64B42D}
	EndGlobalSection
EndGlobal
